# THIS IS AN AUTOGENERATED FILE. DO NOT EDIT THIS FILE DIRECTLY.
# yarn lockfile v1


marked@^1.0.0:
  version "1.0.0"
  resolved "https://registry.yarnpkg.com/marked/-/marked-1.0.0.tgz#d35784245a04871e5988a491e28867362e941693"
  integrity sha512-Wo+L1pWTVibfrSr+TTtMuiMfNzmZWiOPeO7rZsQUY5bgsxpHesBEcIWJloWVTFnrMXnf/TL30eTFSGJddmQAng==
